
Microsoft Visual Studio Solution File, Format Version 12.00
# Visual Studio 14
VisualStudioVersion = 14.0.25420.1
MinimumVisualStudioVersion = 10.0.40219.1
Project("{FAE04EC0-301F-11D3-BF4B-00C04F79EFBC}") = "ServiciosWeb.WebApi", "ServiciosWeb.WebApi\ServiciosWeb.WebApi.csproj", "{F78E296D-34E6-4883-B06C-6D53068FB6C3}"
EndProject
Project("{FAE04EC0-301F-11D3-BF4B-00C04F79EFBC}") = "ServiciosWeb.Datos", "ServiciosWeb.Datos\ServiciosWeb.Datos.csproj", "{D375F21F-8F70-4DCE-B885-1A3E218184FC}"
EndProject
Project("{FAE04EC0-301F-11D3-BF4B-00C04F79EFBC}") = "ServiciosWeb.ServicioASMX", "ServiciosWeb.ServicioASMX\ServiciosWeb.ServicioASMX.csproj", "{1FB28779-7B76-4515-A000-140D6C91EBA4}"
EndProject
Project("{FAE04EC0-301F-11D3-BF4B-00C04F79EFBC}") = "ServiciosWeb.ServicioWCF", "ServiciosWeb.ServicioWCF\ServiciosWeb.ServicioWCF.csproj", "{2CFFA708-F4A6-45BF-A38C-77C3426EB1EC}"
EndProject
Project("{FAE04EC0-301F-11D3-BF4B-00C04F79EFBC}") = "ServiciosWeb.ClienteConsola", "ServiciosWeb.ClienteConsola\ServiciosWeb.ClienteConsola.csproj", "{FB90AE0D-EDC2-49EE-9950-CC583707BD26}"
	ProjectSection(ProjectDependencies) = postProject
		{2CFFA708-F4A6-45BF-A38C-77C3426EB1EC} = {2CFFA708-F4A6-45BF-A38C-77C3426EB1EC}
		{1FB28779-7B76-4515-A000-140D6C91EBA4} = {1FB28779-7B76-4515-A000-140D6C91EBA4}
	EndProjectSection
EndProject
Project("{FAE04EC0-301F-11D3-BF4B-00C04F79EFBC}") = "ServiciosWeb.ClienteWeb", "ServiciosWeb.ClienteWeb\ServiciosWeb.ClienteWeb.csproj", "{11E19793-B4CA-43D6-84DA-649ABAECF8F6}"
EndProject
Project("{FAE04EC0-301F-11D3-BF4B-00C04F79EFBC}") = "ServiciosWeb.Dominio", "ServiciosWeb.Dominio\ServiciosWeb.Dominio.csproj", "{75BE9DD9-2AED-4E86-A4B4-04B44CF8AB6C}"
EndProject
Global
	GlobalSection(SolutionConfigurationPlatforms) = preSolution
		Debug|Any CPU = Debug|Any CPU
		Release|Any CPU = Release|Any CPU
	EndGlobalSection
	GlobalSection(ProjectConfigurationPlatforms) = postSolution
		{F78E296D-34E6-4883-B06C-6D53068FB6C3}.Debug|Any CPU.ActiveCfg = Debug|Any CPU
		{F78E296D-34E6-4883-B06C-6D53068FB6C3}.Debug|Any CPU.Build.0 = Debug|Any CPU
		{F78E296D-34E6-4883-B06C-6D53068FB6C3}.Release|Any CPU.ActiveCfg = Release|Any CPU
		{F78E296D-34E6-4883-B06C-6D53068FB6C3}.Release|Any CPU.Build.0 = Release|Any CPU
		{D375F21F-8F70-4DCE-B885-1A3E218184FC}.Debug|Any CPU.ActiveCfg = Debug|Any CPU
		{D375F21F-8F70-4DCE-B885-1A3E218184FC}.Debug|Any CPU.Build.0 = Debug|Any CPU
		{D375F21F-8F70-4DCE-B885-1A3E218184FC}.Release|Any CPU.ActiveCfg = Release|Any CPU
		{D375F21F-8F70-4DCE-B885-1A3E218184FC}.Release|Any CPU.Build.0 = Release|Any CPU
		{1FB28779-7B76-4515-A000-140D6C91EBA4}.Debug|Any CPU.ActiveCfg = Debug|Any CPU
		{1FB28779-7B76-4515-A000-140D6C91EBA4}.Debug|Any CPU.Build.0 = Debug|Any CPU
		{1FB28779-7B76-4515-A000-140D6C91EBA4}.Release|Any CPU.ActiveCfg = Release|Any CPU
		{1FB28779-7B76-4515-A000-140D6C91EBA4}.Release|Any CPU.Build.0 = Release|Any CPU
		{2CFFA708-F4A6-45BF-A38C-77C3426EB1EC}.Debug|Any CPU.ActiveCfg = Debug|Any CPU
		{2CFFA708-F4A6-45BF-A38C-77C3426EB1EC}.Debug|Any CPU.Build.0 = Debug|Any CPU
		{2CFFA708-F4A6-45BF-A38C-77C3426EB1EC}.Release|Any CPU.ActiveCfg = Release|Any CPU
		{2CFFA708-F4A6-45BF-A38C-77C3426EB1EC}.Release|Any CPU.Build.0 = Release|Any CPU
		{FB90AE0D-EDC2-49EE-9950-CC583707BD26}.Debug|Any CPU.ActiveCfg = Debug|Any CPU
		{FB90AE0D-EDC2-49EE-9950-CC583707BD26}.Debug|Any CPU.Build.0 = Debug|Any CPU
		{FB90AE0D-EDC2-49EE-9950-CC583707BD26}.Release|Any CPU.ActiveCfg = Release|Any CPU
		{FB90AE0D-EDC2-49EE-9950-CC583707BD26}.Release|Any CPU.Build.0 = Release|Any CPU
		{11E19793-B4CA-43D6-84DA-649ABAECF8F6}.Debug|Any CPU.ActiveCfg = Debug|Any CPU
		{11E19793-B4CA-43D6-84DA-649ABAECF8F6}.Debug|Any CPU.Build.0 = Debug|Any CPU
		{11E19793-B4CA-43D6-84DA-649ABAECF8F6}.Release|Any CPU.ActiveCfg = Release|Any CPU
		{11E19793-B4CA-43D6-84DA-649ABAECF8F6}.Release|Any CPU.Build.0 = Release|Any CPU
		{75BE9DD9-2AED-4E86-A4B4-04B44CF8AB6C}.Debug|Any CPU.ActiveCfg = Debug|Any CPU
		{75BE9DD9-2AED-4E86-A4B4-04B44CF8AB6C}.Debug|Any CPU.Build.0 = Debug|Any CPU
		{75BE9DD9-2AED-4E86-A4B4-04B44CF8AB6C}.Release|Any CPU.ActiveCfg = Release|Any CPU
		{75BE9DD9-2AED-4E86-A4B4-04B44CF8AB6C}.Release|Any CPU.Build.0 = Release|Any CPU
	EndGlobalSection
	GlobalSection(SolutionProperties) = preSolution
		HideSolutionNode = FALSE
	EndGlobalSection
EndGlobal
